
Microsoft Visual Studio Solution File, Format Version 12.00
# Visual Studio Version 17
VisualStudioVersion = 17.10.35013.160
MinimumVisualStudioVersion = 10.0.40219.1
Project("{FAE04EC0-301F-11D3-BF4B-00C04F79EFBC}") = "Project1-5101", "Project1-5101\Project1-5101.csproj", "{EBA2AD6F-57C8-4C75-A0F8-310583722BA0}"
EndProject
Global
	GlobalSection(SolutionConfigurationPlatforms) = preSolution
		Debug|Any CPU = Debug|Any CPU
		Release|Any CPU = Release|Any CPU
	EndGlobalSection
	GlobalSection(ProjectConfigurationPlatforms) = postSolution
		{EBA2AD6F-57C8-4C75-A0F8-310583722BA0}.Debug|Any CPU.ActiveCfg = Debug|Any CPU
		{EBA2AD6F-57C8-4C75-A0F8-310583722BA0}.Debug|Any CPU.Build.0 = Debug|Any CPU
		{EBA2AD6F-57C8-4C75-A0F8-310583722BA0}.Release|Any CPU.ActiveCfg = Release|Any CPU
		{EBA2AD6F-57C8-4C75-A0F8-310583722BA0}.Release|Any CPU.Build.0 = Release|Any CPU
	EndGlobalSection
	GlobalSection(SolutionProperties) = preSolution
		HideSolutionNode = FALSE
	EndGlobalSection
	GlobalSection(ExtensibilityGlobals) = postSolution
		SolutionGuid = {023AE8D1-5424-4943-BF23-7D841C41E6CE}
	EndGlobalSection
EndGlobal
